
Microsoft Visual Studio Solution File, Format Version 12.00
# Visual Studio Version 16
VisualStudioVersion = 16.0.30225.117
MinimumVisualStudioVersion = 10.0.40219.1
Project("{FAE04EC0-301F-11D3-BF4B-00C04F79EFBC}") = "Favorite Song", "Favorite Song\Favorite Song.csproj", "{88999CF3-41E1-4CC2-A623-4D23CCA77854}"
EndProject
Global
	GlobalSection(SolutionConfigurationPlatforms) = preSolution
		Debug|Any CPU = Debug|Any CPU
		Release|Any CPU = Release|Any CPU
	EndGlobalSection
	GlobalSection(ProjectConfigurationPlatforms) = postSolution
		{88999CF3-41E1-4CC2-A623-4D23CCA77854}.Debug|Any CPU.ActiveCfg = Debug|Any CPU
		{88999CF3-41E1-4CC2-A623-4D23CCA77854}.Debug|Any CPU.Build.0 = Debug|Any CPU
		{88999CF3-41E1-4CC2-A623-4D23CCA77854}.Release|Any CPU.ActiveCfg = Release|Any CPU
		{88999CF3-41E1-4CC2-A623-4D23CCA77854}.Release|Any CPU.Build.0 = Release|Any CPU
	EndGlobalSection
	GlobalSection(SolutionProperties) = preSolution
		HideSolutionNode = FALSE
	EndGlobalSection
	GlobalSection(ExtensibilityGlobals) = postSolution
		SolutionGuid = {81B45882-9159-473C-9158-A2C618E09E59}
	EndGlobalSection
EndGlobal
